
Microsoft Visual Studio Solution File, Format Version 12.00
# Visual Studio Version 16
VisualStudioVersion = 16.0.31025.194
MinimumVisualStudioVersion = 10.0.40219.1
Project("{FAE04EC0-301F-11D3-BF4B-00C04F79EFBC}") = "Azure Web Application", "Azure Web Application\Azure Web Application.csproj", "{D64C2CB2-050E-401F-B5E5-050A7C04FC43}"
EndProject
Project("{FAE04EC0-301F-11D3-BF4B-00C04F79EFBC}") = "ConsoleApplication", "ConsoleApplication\ConsoleApplication.csproj", "{8C4E1363-4158-495B-AD22-42ACD65C7A9E}"
EndProject
Project("{9A19103F-16F7-4668-BE54-9A1E7A4F7556}") = "ServiceBusQueues", "ServiceBusQueues\ServiceBusQueues.csproj", "{3730DE39-542F-4AE1-93C4-EA60F0384FE3}"
EndProject
Project("{9A19103F-16F7-4668-BE54-9A1E7A4F7556}") = "ServiceBusTopics", "ServiceBusTopics\ServiceBusTopics.csproj", "{CB88767D-EBE8-4328-AF54-33FEB25C3B1C}"
EndProject
Project("{FAE04EC0-301F-11D3-BF4B-00C04F79EFBC}") = "RedisCache", "RedisCache\RedisCache.csproj", "{2517700D-6428-43D5-813D-1531C4862934}"
EndProject
Global
	GlobalSection(SolutionConfigurationPlatforms) = preSolution
		Debug|Any CPU = Debug|Any CPU
		Release|Any CPU = Release|Any CPU
	EndGlobalSection
	GlobalSection(ProjectConfigurationPlatforms) = postSolution
		{D64C2CB2-050E-401F-B5E5-050A7C04FC43}.Debug|Any CPU.ActiveCfg = Debug|Any CPU
		{D64C2CB2-050E-401F-B5E5-050A7C04FC43}.Debug|Any CPU.Build.0 = Debug|Any CPU
		{D64C2CB2-050E-401F-B5E5-050A7C04FC43}.Release|Any CPU.ActiveCfg = Release|Any CPU
		{D64C2CB2-050E-401F-B5E5-050A7C04FC43}.Release|Any CPU.Build.0 = Release|Any CPU
		{8C4E1363-4158-495B-AD22-42ACD65C7A9E}.Debug|Any CPU.ActiveCfg = Debug|Any CPU
		{8C4E1363-4158-495B-AD22-42ACD65C7A9E}.Debug|Any CPU.Build.0 = Debug|Any CPU
		{8C4E1363-4158-495B-AD22-42ACD65C7A9E}.Release|Any CPU.ActiveCfg = Release|Any CPU
		{8C4E1363-4158-495B-AD22-42ACD65C7A9E}.Release|Any CPU.Build.0 = Release|Any CPU
		{3730DE39-542F-4AE1-93C4-EA60F0384FE3}.Debug|Any CPU.ActiveCfg = Debug|Any CPU
		{3730DE39-542F-4AE1-93C4-EA60F0384FE3}.Debug|Any CPU.Build.0 = Debug|Any CPU
		{3730DE39-542F-4AE1-93C4-EA60F0384FE3}.Release|Any CPU.ActiveCfg = Release|Any CPU
		{3730DE39-542F-4AE1-93C4-EA60F0384FE3}.Release|Any CPU.Build.0 = Release|Any CPU
		{CB88767D-EBE8-4328-AF54-33FEB25C3B1C}.Debug|Any CPU.ActiveCfg = Debug|Any CPU
		{CB88767D-EBE8-4328-AF54-33FEB25C3B1C}.Debug|Any CPU.Build.0 = Debug|Any CPU
		{CB88767D-EBE8-4328-AF54-33FEB25C3B1C}.Release|Any CPU.ActiveCfg = Release|Any CPU
		{CB88767D-EBE8-4328-AF54-33FEB25C3B1C}.Release|Any CPU.Build.0 = Release|Any CPU
		{2517700D-6428-43D5-813D-1531C4862934}.Debug|Any CPU.ActiveCfg = Debug|Any CPU
		{2517700D-6428-43D5-813D-1531C4862934}.Debug|Any CPU.Build.0 = Debug|Any CPU
		{2517700D-6428-43D5-813D-1531C4862934}.Release|Any CPU.ActiveCfg = Release|Any CPU
		{2517700D-6428-43D5-813D-1531C4862934}.Release|Any CPU.Build.0 = Release|Any CPU
	EndGlobalSection
	GlobalSection(SolutionProperties) = preSolution
		HideSolutionNode = FALSE
	EndGlobalSection
	GlobalSection(ExtensibilityGlobals) = postSolution
		SolutionGuid = {22E84C7B-A608-492E-BDB0-24484BBA0600}
	EndGlobalSection
EndGlobal
