
Microsoft Visual Studio Solution File, Format Version 12.00
# Visual Studio Version 16
VisualStudioVersion = 16.0.31025.194
MinimumVisualStudioVersion = 10.0.40219.1
Project("{FAE04EC0-301F-11D3-BF4B-00C04F79EFBC}") = "Azure Web Application", "Azure Web Application\Azure Web Application.csproj", "{D64C2CB2-050E-401F-B5E5-050A7C04FC43}"
EndProject
Global
	GlobalSection(SolutionConfigurationPlatforms) = preSolution
		Debug|Any CPU = Debug|Any CPU
		Release|Any CPU = Release|Any CPU
	EndGlobalSection
	GlobalSection(ProjectConfigurationPlatforms) = postSolution
		{D64C2CB2-050E-401F-B5E5-050A7C04FC43}.Debug|Any CPU.ActiveCfg = Debug|Any CPU
		{D64C2CB2-050E-401F-B5E5-050A7C04FC43}.Debug|Any CPU.Build.0 = Debug|Any CPU
		{D64C2CB2-050E-401F-B5E5-050A7C04FC43}.Release|Any CPU.ActiveCfg = Release|Any CPU
		{D64C2CB2-050E-401F-B5E5-050A7C04FC43}.Release|Any CPU.Build.0 = Release|Any CPU
	EndGlobalSection
	GlobalSection(SolutionProperties) = preSolution
		HideSolutionNode = FALSE
	EndGlobalSection
	GlobalSection(ExtensibilityGlobals) = postSolution
		SolutionGuid = {22E84C7B-A608-492E-BDB0-24484BBA0600}
	EndGlobalSection
EndGlobal
